Microsoft Visual Studio Solution File, Format Version 12.00
# Visual Studio Version 17
VisualStudioVersion = 17.5.2.0
MinimumVisualStudioVersion = 10.0.40219.1
Project("{FAE04EC0-301F-11D3-BF4B-00C04F79EFBC}") = "MyRazor", "MyRazor\MyRazor.csproj", "{40B37009-9030-65F4-E06E-F74EF3A1DB88}"
EndProject
Global
	GlobalSection(SolutionConfigurationPlatforms) = preSolution
		Debug|Any CPU = Debug|Any CPU
		Release|Any CPU = Release|Any CPU
	EndGlobalSection
	GlobalSection(ProjectConfigurationPlatforms) = postSolution
		{40B37009-9030-65F4-E06E-F74EF3A1DB88}.Debug|Any CPU.ActiveCfg = Debug|Any CPU
		{40B37009-9030-65F4-E06E-F74EF3A1DB88}.Debug|Any CPU.Build.0 = Debug|Any CPU
		{40B37009-9030-65F4-E06E-F74EF3A1DB88}.Release|Any CPU.ActiveCfg = Release|Any CPU
		{40B37009-9030-65F4-E06E-F74EF3A1DB88}.Release|Any CPU.Build.0 = Release|Any CPU
	EndGlobalSection
	GlobalSection(SolutionProperties) = preSolution
		HideSolutionNode = FALSE
	EndGlobalSection
	GlobalSection(ExtensibilityGlobals) = postSolution
		SolutionGuid = {06782CCD-B7B1-4CFB-A398-74271A246F6A}
	EndGlobalSection
EndGlobal
